
Microsoft Visual Studio Solution File, Format Version 12.00
# Visual Studio Version 17
VisualStudioVersion = 17.7.34221.43
MinimumVisualStudioVersion = 10.0.40219.1
Project("{FAE04EC0-301F-11D3-BF4B-00C04F79EFBC}") = "PruebaDeLinkedList1", "PruebaDeLinkedList1\PruebaDeLinkedList1.csproj", "{AC17F886-7910-4BE4-ACAA-C75C26EBA9E6}"
EndProject
Global
	GlobalSection(SolutionConfigurationPlatforms) = preSolution
		Debug|Any CPU = Debug|Any CPU
		Release|Any CPU = Release|Any CPU
	EndGlobalSection
	GlobalSection(ProjectConfigurationPlatforms) = postSolution
		{AC17F886-7910-4BE4-ACAA-C75C26EBA9E6}.Debug|Any CPU.ActiveCfg = Debug|Any CPU
		{AC17F886-7910-4BE4-ACAA-C75C26EBA9E6}.Debug|Any CPU.Build.0 = Debug|Any CPU
		{AC17F886-7910-4BE4-ACAA-C75C26EBA9E6}.Release|Any CPU.ActiveCfg = Release|Any CPU
		{AC17F886-7910-4BE4-ACAA-C75C26EBA9E6}.Release|Any CPU.Build.0 = Release|Any CPU
	EndGlobalSection
	GlobalSection(SolutionProperties) = preSolution
		HideSolutionNode = FALSE
	EndGlobalSection
	GlobalSection(ExtensibilityGlobals) = postSolution
		SolutionGuid = {AEEB8001-90C8-4DE0-9C55-BC3142930B0F}
	EndGlobalSection
EndGlobal
